
Microsoft Visual Studio Solution File, Format Version 12.00
# Visual Studio 15
VisualStudioVersion = 15.0.28307.1209
MinimumVisualStudioVersion = 10.0.40219.1
Project("{FAE04EC0-301F-11D3-BF4B-00C04F79EFBC}") = "SistemaSacMvcVer2.Infraestructura", "SistemaSacMvcVer2.Infraestructura\SistemaSacMvcVer2.Infraestructura.csproj", "{E5723EAD-C284-42D6-BE54-BA777993DF2B}"
EndProject
Project("{FAE04EC0-301F-11D3-BF4B-00C04F79EFBC}") = "SistemaSacMvcVer2.Aplicación", "SistemaSacMvcVer2.Aplicación\SistemaSacMvcVer2.Aplicación.csproj", "{443260B0-4A8B-47D1-ADE4-835E3B55767F}"
EndProject
Project("{FAE04EC0-301F-11D3-BF4B-00C04F79EFBC}") = "SistemaSacMvcVer2.Dominio", "SistemaSacMvcVer2.Dominio\SistemaSacMvcVer2.Dominio.csproj", "{0FD27C94-FB7C-48AC-B94F-CE6104537ABD}"
EndProject
Project("{FAE04EC0-301F-11D3-BF4B-00C04F79EFBC}") = "SistemaSacMvcVer2.Front", "SistemaSacMvcVer2.Front\SistemaSacMvcVer2.Front.csproj", "{CA77D620-26F1-47EA-ACD4-53DB510F2FCB}"
EndProject
Global
	GlobalSection(SolutionConfigurationPlatforms) = preSolution
		Debug|Any CPU = Debug|Any CPU
		Release|Any CPU = Release|Any CPU
	EndGlobalSection
	GlobalSection(ProjectConfigurationPlatforms) = postSolution
		{E5723EAD-C284-42D6-BE54-BA777993DF2B}.Debug|Any CPU.ActiveCfg = Debug|Any CPU
		{E5723EAD-C284-42D6-BE54-BA777993DF2B}.Debug|Any CPU.Build.0 = Debug|Any CPU
		{E5723EAD-C284-42D6-BE54-BA777993DF2B}.Release|Any CPU.ActiveCfg = Release|Any CPU
		{E5723EAD-C284-42D6-BE54-BA777993DF2B}.Release|Any CPU.Build.0 = Release|Any CPU
		{443260B0-4A8B-47D1-ADE4-835E3B55767F}.Debug|Any CPU.ActiveCfg = Debug|Any CPU
		{443260B0-4A8B-47D1-ADE4-835E3B55767F}.Debug|Any CPU.Build.0 = Debug|Any CPU
		{443260B0-4A8B-47D1-ADE4-835E3B55767F}.Release|Any CPU.ActiveCfg = Release|Any CPU
		{443260B0-4A8B-47D1-ADE4-835E3B55767F}.Release|Any CPU.Build.0 = Release|Any CPU
		{0FD27C94-FB7C-48AC-B94F-CE6104537ABD}.Debug|Any CPU.ActiveCfg = Debug|Any CPU
		{0FD27C94-FB7C-48AC-B94F-CE6104537ABD}.Debug|Any CPU.Build.0 = Debug|Any CPU
		{0FD27C94-FB7C-48AC-B94F-CE6104537ABD}.Release|Any CPU.ActiveCfg = Release|Any CPU
		{0FD27C94-FB7C-48AC-B94F-CE6104537ABD}.Release|Any CPU.Build.0 = Release|Any CPU
		{CA77D620-26F1-47EA-ACD4-53DB510F2FCB}.Debug|Any CPU.ActiveCfg = Debug|Any CPU
		{CA77D620-26F1-47EA-ACD4-53DB510F2FCB}.Debug|Any CPU.Build.0 = Debug|Any CPU
		{CA77D620-26F1-47EA-ACD4-53DB510F2FCB}.Release|Any CPU.ActiveCfg = Release|Any CPU
		{CA77D620-26F1-47EA-ACD4-53DB510F2FCB}.Release|Any CPU.Build.0 = Release|Any CPU
	EndGlobalSection
	GlobalSection(SolutionProperties) = preSolution
		HideSolutionNode = FALSE
	EndGlobalSection
	GlobalSection(ExtensibilityGlobals) = postSolution
		SolutionGuid = {2527C8B3-D818-4FBB-A55F-113A041E747C}
	EndGlobalSection
EndGlobal
